
Microsoft Visual Studio Solution File, Format Version 12.00
Project("{FAE04EC0-301F-11D3-BF4B-00C04F79EFBC}") = "StreamVault", "StreamVault\StreamVault.csproj", "{7E6B2EAB-62F3-4D0A-9566-484F952D6F6E}"
EndProject
Project("{FAE04EC0-301F-11D3-BF4B-00C04F79EFBC}") = "StreamVault.Tests", "StreamVault.Tests\StreamVault.Tests.csproj", "{06E0AA08-6978-4968-A60E-470F1B7404C3}"
EndProject
Global
	GlobalSection(SolutionConfigurationPlatforms) = preSolution
		Debug|Any CPU = Debug|Any CPU
		Release|Any CPU = Release|Any CPU
	EndGlobalSection
	GlobalSection(ProjectConfigurationPlatforms) = postSolution
		{7E6B2EAB-62F3-4D0A-9566-484F952D6F6E}.Debug|Any CPU.ActiveCfg = Debug|Any CPU
		{7E6B2EAB-62F3-4D0A-9566-484F952D6F6E}.Debug|Any CPU.Build.0 = Debug|Any CPU
		{7E6B2EAB-62F3-4D0A-9566-484F952D6F6E}.Release|Any CPU.ActiveCfg = Release|Any CPU
		{7E6B2EAB-62F3-4D0A-9566-484F952D6F6E}.Release|Any CPU.Build.0 = Release|Any CPU
		{06E0AA08-6978-4968-A60E-470F1B7404C3}.Debug|Any CPU.ActiveCfg = Debug|Any CPU
		{06E0AA08-6978-4968-A60E-470F1B7404C3}.Debug|Any CPU.Build.0 = Debug|Any CPU
		{06E0AA08-6978-4968-A60E-470F1B7404C3}.Release|Any CPU.ActiveCfg = Release|Any CPU
		{06E0AA08-6978-4968-A60E-470F1B7404C3}.Release|Any CPU.Build.0 = Release|Any CPU
	EndGlobalSection
EndGlobal
